{
  "version": "5",
  "remote": {
    "https://edge.netlify.com/": "fd941d61d88673d5f28aab283fb86fcc50f08a3bc80ee5470498fcfa88c65cfb",
    "https://edge.netlify.com/bootstrap/config.ts": "6a2ce0e544e15e8f8883a5c18da5948e37fd0f2619f68cb31f3af53c51817025",
    "https://edge.netlify.com/bootstrap/context.ts": "e97240232121e2f369f6546ce961490f34d961ea1ea54be3ff09633e3f08373f",
    "https://edge.netlify.com/bootstrap/cookie.ts": "8b0baae708989ca183c6f3b4ab3d029e6abcbc2e43f93edeb0ff447b3bbc3a05",
    "https://edge.netlify.com/bootstrap/edge_function.ts": "b8253e86aa83c67341f5cfedeba5049d77fbf84dcab7eceff7566b7728ae9b39",
    "https://edge.netlify.com/bootstrap/globals/types.ts": "eaa6148ded3121d8dee62dd91c86e7fe76601df0f3ca8d7962243a30f4c8935f"
  },
  "workspace": {
    "packageJson": {
      "dependencies": [
        "npm:@chromatic-com/storybook@^4.1.3",
        "npm:@eslint/js@^9.21.0",
        "npm:@flaticon/flaticon-uicons@^3.3.1",
        "npm:@google-analytics/data@^5.2.1",
        "npm:@mdxeditor/editor@^3.49.2",
        "npm:@netlify/functions@^3.0.4",
        "npm:@octokit/types@15",
        "npm:@storybook/addon-a11y@^10.1.10",
        "npm:@storybook/addon-docs@^10.1.10",
        "npm:@storybook/addon-onboarding@^10.1.10",
        "npm:@storybook/addon-vitest@^10.1.10",
        "npm:@storybook/react-vite@^10.1.10",
        "npm:@stripe/react-stripe-js@^3.6.0",
        "npm:@stripe/stripe-js@^7.2.0",
        "npm:@supabase/supabase-js@^2.55.0",
        "npm:@types/ajv@^0.0.5",
        "npm:@types/cli-progress@^3.11.6",
        "npm:@types/dinero.js@^1.9.4",
        "npm:@types/express@^5.0.1",
        "npm:@types/formidable@^3.4.5",
        "npm:@types/gtag.js@^0.0.20",
        "npm:@types/jest@30",
        "npm:@types/node@^24.10.1",
        "npm:@types/react-dom@^19.1.2",
        "npm:@types/react@^19.1.2",
        "npm:@vitejs/plugin-react@^4.3.4",
        "npm:@vitest/browser-playwright@^4.0.16",
        "npm:@vitest/coverage-v8@^4.0.16",
        "npm:ajv-formats@^3.0.1",
        "npm:ajv@^8.17.1",
        "npm:baseline-browser-mapping@^2.9.9",
        "npm:browser-image-compression@^2.0.2",
        "npm:chokidar-cli@3",
        "npm:cli-progress@^3.12.0",
        "npm:comma-separated-tokens@^2.0.3",
        "npm:dinero.js@^1.9.1",
        "npm:eslint-plugin-react-hooks@^5.1.0",
        "npm:eslint-plugin-react-refresh@~0.4.19",
        "npm:eslint-plugin-storybook@^10.1.10",
        "npm:eslint@^9.21.0",
        "npm:express@^5.1.0",
        "npm:formidable@^3.5.4",
        "npm:globals@^15.15.0",
        "npm:google-auth-library@^10.4.2",
        "npm:json-schema-to-ts@^3.1.1",
        "npm:locale-currency@1",
        "npm:nodemon@^3.1.11",
        "npm:octokit@^5.0.4",
        "npm:playwright@^1.57.0",
        "npm:react-docgen-typescript@^2.4.0",
        "npm:react-dom@^19.1.1",
        "npm:react-error-boundary@^6.0.3",
        "npm:react-ga4@^2.1.0",
        "npm:react-markdown@^10.1.0",
        "npm:react-router-dom@^7.3.0",
        "npm:react@19",
        "npm:recharts@^3.2.1",
        "npm:rehype-slug@6",
        "npm:remark-gfm@^4.0.1",
        "npm:sharp@~0.34.3",
        "npm:storybook@^10.1.10",
        "npm:stripe-cli@0.1",
        "npm:stripe@18",
        "npm:ts-json-schema-generator@^2.4.0",
        "npm:ts-node@^10.9.2",
        "npm:tsconfig-paths@^4.2.0",
        "npm:typescript@^5.9.3",
        "npm:vite@^6.4.1",
        "npm:vitest@^4.0.16"
      ]
    }
  }
}
